// !$*UTF8*$!
{
	archiveVersion = 1;
	classes = {
	};
	objectVersion = 77;
	objects = {

/* Begin PBXBuildFile section */
		2A232DDF2D17530200601581 /* EventoriasTestPlan.xctestplan in Resources */ = {isa = PBXBuildFile; fileRef = 2A232DDD2D1752E900601581 /* EventoriasTestPlan.xctestplan */; };
		2A37419F2D2816E100209C16 /* FirebaseAuth in Frameworks */ = {isa = PBXBuildFile; productRef = 2A37419E2D2816E100209C16 /* FirebaseAuth */; };
		2A3741A12D2816E100209C16 /* FirebaseCore in Frameworks */ = {isa = PBXBuildFile; productRef = 2A3741A02D2816E100209C16 /* FirebaseCore */; };
		2A3741A32D2816E100209C16 /* FirebaseFirestore in Frameworks */ = {isa = PBXBuildFile; productRef = 2A3741A22D2816E100209C16 /* FirebaseFirestore */; };
		2A3741A52D2816E100209C16 /* FirebaseStorage in Frameworks */ = {isa = PBXBuildFile; productRef = 2A3741A42D2816E100209C16 /* FirebaseStorage */; };
		2A7781162D0040F80042B1B5 /* EventoriasApp.swift in Sources */ = {isa = PBXBuildFile; fileRef = 2A7781112D0040F80042B1B5 /* EventoriasApp.swift */; };
		2A77812A2D0055F60042B1B5 /* FirebaseFirestore in Frameworks */ = {isa = PBXBuildFile; productRef = 2A7781292D0055F60042B1B5 /* FirebaseFirestore */; };
		2A892EA02CE4E41800BF0B45 /* FirebaseAuth in Frameworks */ = {isa = PBXBuildFile; productRef = 2A892E9F2CE4E41800BF0B45 /* FirebaseAuth */; };
		2A892EA22CE4E41800BF0B45 /* FirebaseCore in Frameworks */ = {isa = PBXBuildFile; productRef = 2A892EA12CE4E41800BF0B45 /* FirebaseCore */; };
		2ABB23862D03124F004DB214 /* FirebaseStorage in Frameworks */ = {isa = PBXBuildFile; productRef = 2ABB23852D03124F004DB214 /* FirebaseStorage */; };
		2AC2AE522D231E5900263BC0 /* history.md in Resources */ = {isa = PBXBuildFile; fileRef = 2AC2AE502D231E5900263BC0 /* history.md */; };
		2AC2AE532D231E5900263BC0 /* GoogleService-Info.plist in Resources */ = {isa = PBXBuildFile; fileRef = 2AC2AE4F2D231E5900263BC0 /* GoogleService-Info.plist */; };
/* End PBXBuildFile section */

/* Begin PBXContainerItemProxy section */
		2A7BB3F62D1089B8005CFC39 /* PBXContainerItemProxy */ = {
			isa = PBXContainerItemProxy;
			containerPortal = 2A1B6FFC2CE10D7000089D4F /* Project object */;
			proxyType = 1;
			remoteGlobalIDString = 2A1B70032CE10D7000089D4F;
			remoteInfo = Eventorias;
		};
		2A8A4DDC2D22D982001DCE65 /* PBXContainerItemProxy */ = {
			isa = PBXContainerItemProxy;
			containerPortal = 2A1B6FFC2CE10D7000089D4F /* Project object */;
			proxyType = 1;
			remoteGlobalIDString = 2A1B70032CE10D7000089D4F;
			remoteInfo = Eventorias;
		};
/* End PBXContainerItemProxy section */

/* Begin PBXFileReference section */
		2A1B70042CE10D7000089D4F /* Eventorias.app */ = {isa = PBXFileReference; explicitFileType = wrapper.application; includeInIndex = 0; path = Eventorias.app; sourceTree = BUILT_PRODUCTS_DIR; };
		2A232DDD2D1752E900601581 /* EventoriasTestPlan.xctestplan */ = {isa = PBXFileReference; lastKnownFileType = text; path = EventoriasTestPlan.xctestplan; sourceTree = "<group>"; };
		2A7781112D0040F80042B1B5 /* EventoriasApp.swift */ = {isa = PBXFileReference; lastKnownFileType = sourcecode.swift; path = EventoriasApp.swift; sourceTree = "<group>"; };
		2A7BB3F22D1089B8005CFC39 /* EventoriasTests.xctest */ = {isa = PBXFileReference; explicitFileType = wrapper.cfbundle; includeInIndex = 0; path = EventoriasTests.xctest; sourceTree = BUILT_PRODUCTS_DIR; };
		2A8A4DD62D22D982001DCE65 /* EventoriasUITests.xctest */ = {isa = PBXFileReference; explicitFileType = wrapper.cfbundle; includeInIndex = 0; path = EventoriasUITests.xctest; sourceTree = BUILT_PRODUCTS_DIR; };
		2AC2AE4F2D231E5900263BC0 /* GoogleService-Info.plist */ = {isa = PBXFileReference; lastKnownFileType = text.plist.xml; path = "GoogleService-Info.plist"; sourceTree = "<group>"; };
		2AC2AE502D231E5900263BC0 /* history.md */ = {isa = PBXFileReference; lastKnownFileType = net.daringfireball.markdown; path = history.md; sourceTree = "<group>"; };
/* End PBXFileReference section */

/* Begin PBXFileSystemSynchronizedBuildFileExceptionSet section */
		2A232DE32D17541400601581 /* Exceptions for "Tests" folder in "EventoriasTests" target */ = {
			isa = PBXFileSystemSynchronizedBuildFileExceptionSet;
			membershipExceptions = (
				AuthViewModelTests.swift,
				EventViewModelTests.swift,
				Mocks/MockAuthService.swift,
				Mocks/TestEvent.swift,
				Mocks/TestEventData.swift,
				Mocks/TestUser.swift,
				ProfileViewModelTests.swift,
			);
			target = 2A7BB3F12D1089B8005CFC39 /* EventoriasTests */;
		};
		2A3741B02D288D0700209C16 /* Exceptions for "Eventorias" folder in "EventoriasUITests" target */ = {
			isa = PBXFileSystemSynchronizedBuildFileExceptionSet;
			membershipExceptions = (
				Model/EventAccessibilityIdentifiers.swift,
				Model/EventCategory.swift,
			);
			target = 2A8A4DD52D22D982001DCE65 /* EventoriasUITests */;
		};
		2A66867C2D29627E008F77BF /* Exceptions for "Tests" folder in "EventoriasUITests" target */ = {
			isa = PBXFileSystemSynchronizedBuildFileExceptionSet;
			membershipExceptions = (
				Mocks/TestEvent.swift,
				Mocks/TestUser.swift,
			);
			target = 2A8A4DD52D22D982001DCE65 /* EventoriasUITests */;
		};
		2A729BB82D174D0E00FB18F2 /* Exceptions for "Tests" folder in "Eventorias" target */ = {
			isa = PBXFileSystemSynchronizedBuildFileExceptionSet;
			membershipExceptions = (
				AuthViewModelTests.swift,
				EventViewModelTests.swift,
				Mocks/MockAuthService.swift,
				Mocks/TestEvent.swift,
				Mocks/TestEventData.swift,
				Mocks/TestUser.swift,
				ProfileViewModelTests.swift,
			);
			target = 2A1B70032CE10D7000089D4F /* Eventorias */;
		};
		2A8A4DE12D22D997001DCE65 /* Exceptions for "UITests" folder in "Eventorias" target */ = {
			isa = PBXFileSystemSynchronizedBuildFileExceptionSet;
			membershipExceptions = (
				AuthUITests.swift,
			);
			target = 2A1B70032CE10D7000089D4F /* Eventorias */;
		};
		2A8A4DE32D22D99C001DCE65 /* Exceptions for "UITests" folder in "EventoriasUITests" target */ = {
			isa = PBXFileSystemSynchronizedBuildFileExceptionSet;
			membershipExceptions = (
				AuthUITests.swift,
			);
			target = 2A8A4DD52D22D982001DCE65 /* EventoriasUITests */;
		};
		2A8B79B02D08794F00FCBD0C /* Exceptions for "Eventorias" folder in "Eventorias" target */ = {
			isa = PBXFileSystemSynchronizedBuildFileExceptionSet;
			membershipExceptions = (
				Info.plist,
			);
			target = 2A1B70032CE10D7000089D4F /* Eventorias */;
		};
/* End PBXFileSystemSynchronizedBuildFileExceptionSet section */

/* Begin PBXFileSystemSynchronizedRootGroup section */
		2A1B70062CE10D7000089D4F /* Eventorias */ = {
			isa = PBXFileSystemSynchronizedRootGroup;
			exceptions = (
				2A8B79B02D08794F00FCBD0C /* Exceptions for "Eventorias" folder in "Eventorias" target */,
				2A3741B02D288D0700209C16 /* Exceptions for "Eventorias" folder in "EventoriasUITests" target */,
			);
			path = Eventorias;
			sourceTree = "<group>";
		};
		2A3A5D392D1DB2C100045105 /* UITests */ = {
			isa = PBXFileSystemSynchronizedRootGroup;
			exceptions = (
				2A8A4DE12D22D997001DCE65 /* Exceptions for "UITests" folder in "Eventorias" target */,
				2A8A4DE32D22D99C001DCE65 /* Exceptions for "UITests" folder in "EventoriasUITests" target */,
			);
			path = UITests;
			sourceTree = "<group>";
		};
		2AEB79512D10BEFB00517464 /* Tests */ = {
			isa = PBXFileSystemSynchronizedRootGroup;
			exceptions = (
				2A729BB82D174D0E00FB18F2 /* Exceptions for "Tests" folder in "Eventorias" target */,
				2A232DE32D17541400601581 /* Exceptions for "Tests" folder in "EventoriasTests" target */,
				2A66867C2D29627E008F77BF /* Exceptions for "Tests" folder in "EventoriasUITests" target */,
			);
			path = Tests;
			sourceTree = "<group>";
		};
/* End PBXFileSystemSynchronizedRootGroup section */

/* Begin PBXFrameworksBuildPhase section */
		2A1B70012CE10D7000089D4F /* Frameworks */ = {
			isa = PBXFrameworksBuildPhase;
			buildActionMask = 2147483647;
			files = (
				2A892EA22CE4E41800BF0B45 /* FirebaseCore in Frameworks */,
				2ABB23862D03124F004DB214 /* FirebaseStorage in Frameworks */,
				2A892EA02CE4E41800BF0B45 /* FirebaseAuth in Frameworks */,
				2A77812A2D0055F60042B1B5 /* FirebaseFirestore in Frameworks */,
			);
			runOnlyForDeploymentPostprocessing = 0;
		};
		2A7BB3EF2D1089B8005CFC39 /* Frameworks */ = {
			isa = PBXFrameworksBuildPhase;
			buildActionMask = 2147483647;
			files = (
			);
			runOnlyForDeploymentPostprocessing = 0;
		};
		2A8A4DD32D22D982001DCE65 /* Frameworks */ = {
			isa = PBXFrameworksBuildPhase;
			buildActionMask = 2147483647;
			files = (
				2A3741A12D2816E100209C16 /* FirebaseCore in Frameworks */,
				2A3741A52D2816E100209C16 /* FirebaseStorage in Frameworks */,
				2A37419F2D2816E100209C16 /* FirebaseAuth in Frameworks */,
				2A3741A32D2816E100209C16 /* FirebaseFirestore in Frameworks */,
			);
			runOnlyForDeploymentPostprocessing = 0;
		};
/* End PBXFrameworksBuildPhase section */

/* Begin PBXGroup section */
		2A1B6FFB2CE10D7000089D4F = {
			isa = PBXGroup;
			children = (
				2AC2AE512D231E5900263BC0 /* ignore */,
				2A232DDD2D1752E900601581 /* EventoriasTestPlan.xctestplan */,
				2A7781112D0040F80042B1B5 /* EventoriasApp.swift */,
				2A1B70062CE10D7000089D4F /* Eventorias */,
				2AEB79512D10BEFB00517464 /* Tests */,
				2A3A5D392D1DB2C100045105 /* UITests */,
				2ABB23842D03124F004DB214 /* Frameworks */,
				2A1B70052CE10D7000089D4F /* Products */,
			);
			sourceTree = "<group>";
		};
		2A1B70052CE10D7000089D4F /* Products */ = {
			isa = PBXGroup;
			children = (
				2A1B70042CE10D7000089D4F /* Eventorias.app */,
				2A7BB3F22D1089B8005CFC39 /* EventoriasTests.xctest */,
				2A8A4DD62D22D982001DCE65 /* EventoriasUITests.xctest */,
			);
			name = Products;
			sourceTree = "<group>";
		};
		2ABB23842D03124F004DB214 /* Frameworks */ = {
			isa = PBXGroup;
			children = (
			);
			name = Frameworks;
			sourceTree = "<group>";
		};
		2AC2AE512D231E5900263BC0 /* ignore */ = {
			isa = PBXGroup;
			children = (
				2AC2AE4F2D231E5900263BC0 /* GoogleService-Info.plist */,
				2AC2AE502D231E5900263BC0 /* history.md */,
			);
			path = ignore;
			sourceTree = "<group>";
		};
/* End PBXGroup section */

/* Begin PBXNativeTarget section */
		2A1B70032CE10D7000089D4F /* Eventorias */ = {
			isa = PBXNativeTarget;
			buildConfigurationList = 2A1B70282CE10D7100089D4F /* Build configuration list for PBXNativeTarget "Eventorias" */;
			buildPhases = (
				2A1B70002CE10D7000089D4F /* Sources */,
				2A1B70012CE10D7000089D4F /* Frameworks */,
				2A1B70022CE10D7000089D4F /* Resources */,
			);
			buildRules = (
			);
			dependencies = (
			);
			fileSystemSynchronizedGroups = (
				2A1B70062CE10D7000089D4F /* Eventorias */,
				2A3A5D392D1DB2C100045105 /* UITests */,
				2AEB79512D10BEFB00517464 /* Tests */,
			);
			name = Eventorias;
			packageProductDependencies = (
				2A892E9F2CE4E41800BF0B45 /* FirebaseAuth */,
				2A892EA12CE4E41800BF0B45 /* FirebaseCore */,
				2A7781292D0055F60042B1B5 /* FirebaseFirestore */,
				2ABB23852D03124F004DB214 /* FirebaseStorage */,
			);
			productName = Eventorias;
			productReference = 2A1B70042CE10D7000089D4F /* Eventorias.app */;
			productType = "com.apple.product-type.application";
		};
		2A7BB3F12D1089B8005CFC39 /* EventoriasTests */ = {
			isa = PBXNativeTarget;
			buildConfigurationList = 2A7BB3F82D1089B9005CFC39 /* Build configuration list for PBXNativeTarget "EventoriasTests" */;
			buildPhases = (
				2A7BB3EE2D1089B8005CFC39 /* Sources */,
				2A7BB3EF2D1089B8005CFC39 /* Frameworks */,
				2A7BB3F02D1089B8005CFC39 /* Resources */,
			);
			buildRules = (
			);
			dependencies = (
				2A7BB3F72D1089B8005CFC39 /* PBXTargetDependency */,
			);
			name = EventoriasTests;
			packageProductDependencies = (
			);
			productName = EventoriasTests;
			productReference = 2A7BB3F22D1089B8005CFC39 /* EventoriasTests.xctest */;
			productType = "com.apple.product-type.bundle.unit-test";
		};
		2A8A4DD52D22D982001DCE65 /* EventoriasUITests */ = {
			isa = PBXNativeTarget;
			buildConfigurationList = 2A8A4DDE2D22D982001DCE65 /* Build configuration list for PBXNativeTarget "EventoriasUITests" */;
			buildPhases = (
				2A8A4DD22D22D982001DCE65 /* Sources */,
				2A8A4DD32D22D982001DCE65 /* Frameworks */,
				2A8A4DD42D22D982001DCE65 /* Resources */,
			);
			buildRules = (
			);
			dependencies = (
				2A8A4DDD2D22D982001DCE65 /* PBXTargetDependency */,
			);
			name = EventoriasUITests;
			packageProductDependencies = (
				2A37419E2D2816E100209C16 /* FirebaseAuth */,
				2A3741A02D2816E100209C16 /* FirebaseCore */,
				2A3741A22D2816E100209C16 /* FirebaseFirestore */,
				2A3741A42D2816E100209C16 /* FirebaseStorage */,
			);
			productName = EventoriasUITests;
			productReference = 2A8A4DD62D22D982001DCE65 /* EventoriasUITests.xctest */;
			productType = "com.apple.product-type.bundle.ui-testing";
		};
/* End PBXNativeTarget section */

/* Begin PBXProject section */
		2A1B6FFC2CE10D7000089D4F /* Project object */ = {
			isa = PBXProject;
			attributes = {
				BuildIndependentTargetsInParallel = 1;
				LastSwiftUpdateCheck = 1620;
				LastUpgradeCheck = 1620;
				TargetAttributes = {
					2A1B70032CE10D7000089D4F = {
						CreatedOnToolsVersion = 16.1;
					};
					2A7BB3F12D1089B8005CFC39 = {
						CreatedOnToolsVersion = 16.2;
						LastSwiftMigration = 1620;
						TestTargetID = 2A1B70032CE10D7000089D4F;
					};
					2A8A4DD52D22D982001DCE65 = {
						CreatedOnToolsVersion = 16.2;
						TestTargetID = 2A1B70032CE10D7000089D4F;
					};
				};
			};
			buildConfigurationList = 2A1B6FFF2CE10D7000089D4F /* Build configuration list for PBXProject "Eventorias" */;
			developmentRegion = en;
			hasScannedForEncodings = 0;
			knownRegions = (
				en,
				Base,
			);
			mainGroup = 2A1B6FFB2CE10D7000089D4F;
			minimizedProjectReferenceProxies = 1;
			packageReferences = (
				2A892E9E2CE4E41800BF0B45 /* XCRemoteSwiftPackageReference "firebase-ios-sdk" */,
			);
			preferredProjectObjectVersion = 77;
			productRefGroup = 2A1B70052CE10D7000089D4F /* Products */;
			projectDirPath = "";
			projectRoot = "";
			targets = (
				2A1B70032CE10D7000089D4F /* Eventorias */,
				2A7BB3F12D1089B8005CFC39 /* EventoriasTests */,
				2A8A4DD52D22D982001DCE65 /* EventoriasUITests */,
			);
		};
/* End PBXProject section */

/* Begin PBXResourcesBuildPhase section */
		2A1B70022CE10D7000089D4F /* Resources */ = {
			isa = PBXResourcesBuildPhase;
			buildActionMask = 2147483647;
			files = (
				2AC2AE522D231E5900263BC0 /* history.md in Resources */,
				2AC2AE532D231E5900263BC0 /* GoogleService-Info.plist in Resources */,
			);
			runOnlyForDeploymentPostprocessing = 0;
		};
		2A7BB3F02D1089B8005CFC39 /* Resources */ = {
			isa = PBXResourcesBuildPhase;
			buildActionMask = 2147483647;
			files = (
				2A232DDF2D17530200601581 /* EventoriasTestPlan.xctestplan in Resources */,
			);
			runOnlyForDeploymentPostprocessing = 0;
		};
		2A8A4DD42D22D982001DCE65 /* Resources */ = {
			isa = PBXResourcesBuildPhase;
			buildActionMask = 2147483647;
			files = (
			);
			runOnlyForDeploymentPostprocessing = 0;
		};
/* End PBXResourcesBuildPhase section */

/* Begin PBXSourcesBuildPhase section */
		2A1B70002CE10D7000089D4F /* Sources */ = {
			isa = PBXSourcesBuildPhase;
			buildActionMask = 2147483647;
			files = (
				2A7781162D0040F80042B1B5 /* EventoriasApp.swift in Sources */,
			);
			runOnlyForDeploymentPostprocessing = 0;
		};
		2A7BB3EE2D1089B8005CFC39 /* Sources */ = {
			isa = PBXSourcesBuildPhase;
			buildActionMask = 2147483647;
			files = (
			);
			runOnlyForDeploymentPostprocessing = 0;
		};
		2A8A4DD22D22D982001DCE65 /* Sources */ = {
			isa = PBXSourcesBuildPhase;
			buildActionMask = 2147483647;
			files = (
			);
			runOnlyForDeploymentPostprocessing = 0;
		};
/* End PBXSourcesBuildPhase section */

/* Begin PBXTargetDependency section */
		2A7BB3F72D1089B8005CFC39 /* PBXTargetDependency */ = {
			isa = PBXTargetDependency;
			target = 2A1B70032CE10D7000089D4F /* Eventorias */;
			targetProxy = 2A7BB3F62D1089B8005CFC39 /* PBXContainerItemProxy */;
		};
		2A8A4DDD2D22D982001DCE65 /* PBXTargetDependency */ = {
			isa = PBXTargetDependency;
			target = 2A1B70032CE10D7000089D4F /* Eventorias */;
			targetProxy = 2A8A4DDC2D22D982001DCE65 /* PBXContainerItemProxy */;
		};
/* End PBXTargetDependency section */

/* Begin XCBuildConfiguration section */
		2A1B70262CE10D7100089D4F /* Debug */ = {
			isa = XCBuildConfiguration;
			buildSettings = {
				ALWAYS_SEARCH_USER_PATHS = NO;
				ASSETCATALOG_COMPILER_GENERATE_SWIFT_ASSET_SYMBOL_EXTENSIONS = YES;
				CLANG_ANALYZER_NONNULL = YES;
				CLANG_ANALYZER_NUMBER_OBJECT_CONVERSION = YES_AGGRESSIVE;
				CLANG_CXX_LANGUAGE_STANDARD = "gnu++20";
				CLANG_ENABLE_MODULES = YES;
				CLANG_ENABLE_OBJC_ARC = YES;
				CLANG_ENABLE_OBJC_WEAK = YES;
				CLANG_WARN_BLOCK_CAPTURE_AUTORELEASING = YES;
				CLANG_WARN_BOOL_CONVERSION = YES;
				CLANG_WARN_COMMA = YES;
				CLANG_WARN_CONSTANT_CONVERSION = YES;
				CLANG_WARN_DEPRECATED_OBJC_IMPLEMENTATIONS = YES;
				CLANG_WARN_DIRECT_OBJC_ISA_USAGE = YES_ERROR;
				CLANG_WARN_DOCUMENTATION_COMMENTS = YES;
				CLANG_WARN_EMPTY_BODY = YES;
				CLANG_WARN_ENUM_CONVERSION = YES;
				CLANG_WARN_INFINITE_RECURSION = YES;
				CLANG_WARN_INT_CONVERSION = YES;
				CLANG_WARN_NON_LITERAL_NULL_CONVERSION = YES;
				CLANG_WARN_OBJC_IMPLICIT_RETAIN_SELF = YES;
				CLANG_WARN_OBJC_LITERAL_CONVERSION = YES;
				CLANG_WARN_OBJC_ROOT_CLASS = YES_ERROR;
				CLANG_WARN_QUOTED_INCLUDE_IN_FRAMEWORK_HEADER = YES;
				CLANG_WARN_RANGE_LOOP_ANALYSIS = YES;
				CLANG_WARN_STRICT_PROTOTYPES = YES;
				CLANG_WARN_SUSPICIOUS_MOVE = YES;
				CLANG_WARN_UNGUARDED_AVAILABILITY = YES_AGGRESSIVE;
				CLANG_WARN_UNREACHABLE_CODE = YES;
				CLANG_WARN__DUPLICATE_METHOD_MATCH = YES;
				COPY_PHASE_STRIP = NO;
				DEBUG_INFORMATION_FORMAT = dwarf;
				ENABLE_STRICT_OBJC_MSGSEND = YES;
				ENABLE_TESTABILITY = YES;
				ENABLE_USER_SCRIPT_SANDBOXING = YES;
				GCC_C_LANGUAGE_STANDARD = gnu17;
				GCC_DYNAMIC_NO_PIC = NO;
				GCC_NO_COMMON_BLOCKS = YES;
				GCC_OPTIMIZATION_LEVEL = 0;
				GCC_PREPROCESSOR_DEFINITIONS = (
					"DEBUG=1",
					"$(inherited)",
				);
				GCC_WARN_64_TO_32_BIT_CONVERSION = YES;
				GCC_WARN_ABOUT_RETURN_TYPE = YES_ERROR;
				GCC_WARN_UNDECLARED_SELECTOR = YES;
				GCC_WARN_UNINITIALIZED_AUTOS = YES_AGGRESSIVE;
				GCC_WARN_UNUSED_FUNCTION = YES;
				GCC_WARN_UNUSED_VARIABLE = YES;
				IPHONEOS_DEPLOYMENT_TARGET = 18.1;
				LOCALIZATION_PREFERS_STRING_CATALOGS = YES;
				MTL_ENABLE_DEBUG_INFO = INCLUDE_SOURCE;
				MTL_FAST_MATH = YES;
				ONLY_ACTIVE_ARCH = YES;
				SDKROOT = iphoneos;
				SWIFT_ACTIVE_COMPILATION_CONDITIONS = "DEBUG $(inherited)";
				SWIFT_OPTIMIZATION_LEVEL = "-Onone";
			};
			name = Debug;
		};
		2A1B70272CE10D7100089D4F /* Release */ = {
			isa = XCBuildConfiguration;
			buildSettings = {
				ALWAYS_SEARCH_USER_PATHS = NO;
				ASSETCATALOG_COMPILER_GENERATE_SWIFT_ASSET_SYMBOL_EXTENSIONS = YES;
				CLANG_ANALYZER_NONNULL = YES;
				CLANG_ANALYZER_NUMBER_OBJECT_CONVERSION = YES_AGGRESSIVE;
				CLANG_CXX_LANGUAGE_STANDARD = "gnu++20";
				CLANG_ENABLE_MODULES = YES;
				CLANG_ENABLE_OBJC_ARC = YES;
				CLANG_ENABLE_OBJC_WEAK = YES;
				CLANG_WARN_BLOCK_CAPTURE_AUTORELEASING = YES;
				CLANG_WARN_BOOL_CONVERSION = YES;
				CLANG_WARN_COMMA = YES;
				CLANG_WARN_CONSTANT_CONVERSION = YES;
				CLANG_WARN_DEPRECATED_OBJC_IMPLEMENTATIONS = YES;
				CLANG_WARN_DIRECT_OBJC_ISA_USAGE = YES_ERROR;
				CLANG_WARN_DOCUMENTATION_COMMENTS = YES;
				CLANG_WARN_EMPTY_BODY = YES;
				CLANG_WARN_ENUM_CONVERSION = YES;
				CLANG_WARN_INFINITE_RECURSION = YES;
				CLANG_WARN_INT_CONVERSION = YES;
				CLANG_WARN_NON_LITERAL_NULL_CONVERSION = YES;
				CLANG_WARN_OBJC_IMPLICIT_RETAIN_SELF = YES;
				CLANG_WARN_OBJC_LITERAL_CONVERSION = YES;
				CLANG_WARN_OBJC_ROOT_CLASS = YES_ERROR;
				CLANG_WARN_QUOTED_INCLUDE_IN_FRAMEWORK_HEADER = YES;
				CLANG_WARN_RANGE_LOOP_ANALYSIS = YES;
				CLANG_WARN_STRICT_PROTOTYPES = YES;
				CLANG_WARN_SUSPICIOUS_MOVE = YES;
				CLANG_WARN_UNGUARDED_AVAILABILITY = YES_AGGRESSIVE;
				CLANG_WARN_UNREACHABLE_CODE = YES;
				CLANG_WARN__DUPLICATE_METHOD_MATCH = YES;
				COPY_PHASE_STRIP = NO;
				DEBUG_INFORMATION_FORMAT = "dwarf-with-dsym";
				ENABLE_NS_ASSERTIONS = NO;
				ENABLE_STRICT_OBJC_MSGSEND = YES;
				ENABLE_USER_SCRIPT_SANDBOXING = YES;
				GCC_C_LANGUAGE_STANDARD = gnu17;
				GCC_NO_COMMON_BLOCKS = YES;
				GCC_WARN_64_TO_32_BIT_CONVERSION = YES;
				GCC_WARN_ABOUT_RETURN_TYPE = YES_ERROR;
				GCC_WARN_UNDECLARED_SELECTOR = YES;
				GCC_WARN_UNINITIALIZED_AUTOS = YES_AGGRESSIVE;
				GCC_WARN_UNUSED_FUNCTION = YES;
				GCC_WARN_UNUSED_VARIABLE = YES;
				IPHONEOS_DEPLOYMENT_TARGET = 18.1;
				LOCALIZATION_PREFERS_STRING_CATALOGS = YES;
				MTL_ENABLE_DEBUG_INFO = NO;
				MTL_FAST_MATH = YES;
				SDKROOT = iphoneos;
				SWIFT_COMPILATION_MODE = wholemodule;
				VALIDATE_PRODUCT = YES;
			};
			name = Release;
		};
		2A1B70292CE10D7100089D4F /* Debug */ = {
			isa = XCBuildConfiguration;
			buildSettings = {
				ASSETCATALOG_COMPILER_APPICON_NAME = AppIcon;
				ASSETCATALOG_COMPILER_GLOBAL_ACCENT_COLOR_NAME = AccentColor;
				CODE_SIGN_STYLE = Automatic;
				CURRENT_PROJECT_VERSION = "13 en cours";
				DEVELOPMENT_ASSET_PATHS = "\"Eventorias/Preview Content\"";
				DEVELOPMENT_TEAM = 9L643QCQAN;
				ENABLE_PREVIEWS = YES;
				GENERATE_INFOPLIST_FILE = YES;
				INFOPLIST_FILE = Eventorias/Info.plist;
				INFOPLIST_KEY_NSCameraUsageDescription = "We need to access to your camera to add images to your event";
				INFOPLIST_KEY_NSPhotoLibraryUsageDescription = "We need to access to your photo library to add images to your event";
				INFOPLIST_KEY_UIApplicationSceneManifest_Generation = YES;
				INFOPLIST_KEY_UIApplicationSupportsIndirectInputEvents = YES;
				INFOPLIST_KEY_UILaunchScreen_Generation = YES;
				INFOPLIST_KEY_UISupportedInterfaceOrientations = "UIInterfaceOrientationLandscapeLeft UIInterfaceOrientationLandscapeRight UIInterfaceOrientationPortrait";
				INFOPLIST_KEY_UISupportedInterfaceOrientations_iPad = "UIInterfaceOrientationLandscapeLeft UIInterfaceOrientationLandscapeRight UIInterfaceOrientationPortrait UIInterfaceOrientationPortraitUpsideDown";
				LD_RUNPATH_SEARCH_PATHS = (
					"$(inherited)",
					"@executable_path/Frameworks",
				);
				MARKETING_VERSION = 1.0;
				PRODUCT_BUNDLE_IDENTIFIER = fr.leplard.Eventorias;
				PRODUCT_NAME = "$(TARGET_NAME)";
				SUPPORTED_PLATFORMS = "iphoneos iphonesimulator";
				SUPPORTS_MACCATALYST = NO;
				SUPPORTS_MAC_DESIGNED_FOR_IPHONE_IPAD = NO;
				SUPPORTS_XR_DESIGNED_FOR_IPHONE_IPAD = NO;
				SWIFT_EMIT_LOC_STRINGS = YES;
				SWIFT_VERSION = 5.0;
				TARGETED_DEVICE_FAMILY = "1,2";
			};
			name = Debug;
		};
		2A1B702A2CE10D7100089D4F /* Release */ = {
			isa = XCBuildConfiguration;
			buildSettings = {
				ASSETCATALOG_COMPILER_APPICON_NAME = AppIcon;
				ASSETCATALOG_COMPILER_GLOBAL_ACCENT_COLOR_NAME = AccentColor;
				CODE_SIGN_STYLE = Automatic;
				CURRENT_PROJECT_VERSION = "13 en cours";
				DEVELOPMENT_ASSET_PATHS = "\"Eventorias/Preview Content\"";
				DEVELOPMENT_TEAM = 9L643QCQAN;
				ENABLE_PREVIEWS = YES;
				GENERATE_INFOPLIST_FILE = YES;
				INFOPLIST_FILE = Eventorias/Info.plist;
				INFOPLIST_KEY_NSCameraUsageDescription = "We need to access to your camera to add images to your event";
				INFOPLIST_KEY_NSPhotoLibraryUsageDescription = "We need to access to your photo library to add images to your event";
				INFOPLIST_KEY_UIApplicationSceneManifest_Generation = YES;
				INFOPLIST_KEY_UIApplicationSupportsIndirectInputEvents = YES;
				INFOPLIST_KEY_UILaunchScreen_Generation = YES;
				INFOPLIST_KEY_UISupportedInterfaceOrientations = "UIInterfaceOrientationLandscapeLeft UIInterfaceOrientationLandscapeRight UIInterfaceOrientationPortrait";
				INFOPLIST_KEY_UISupportedInterfaceOrientations_iPad = "UIInterfaceOrientationLandscapeLeft UIInterfaceOrientationLandscapeRight UIInterfaceOrientationPortrait UIInterfaceOrientationPortraitUpsideDown";
				LD_RUNPATH_SEARCH_PATHS = (
					"$(inherited)",
					"@executable_path/Frameworks",
				);
				MARKETING_VERSION = 1.0;
				PRODUCT_BUNDLE_IDENTIFIER = fr.leplard.Eventorias;
				PRODUCT_NAME = "$(TARGET_NAME)";
				SUPPORTED_PLATFORMS = "iphoneos iphonesimulator";
				SUPPORTS_MACCATALYST = NO;
				SUPPORTS_MAC_DESIGNED_FOR_IPHONE_IPAD = NO;
				SUPPORTS_XR_DESIGNED_FOR_IPHONE_IPAD = NO;
				SWIFT_EMIT_LOC_STRINGS = YES;
				SWIFT_VERSION = 5.0;
				TARGETED_DEVICE_FAMILY = "1,2";
			};
			name = Release;
		};
		2A7BB3F92D1089B9005CFC39 /* Debug */ = {
			isa = XCBuildConfiguration;
			buildSettings = {
				BUNDLE_LOADER = "$(TEST_HOST)";
				CLANG_ENABLE_MODULES = YES;
				CODE_SIGN_STYLE = Automatic;
				CURRENT_PROJECT_VERSION = 1;
				DEVELOPMENT_TEAM = 9L643QCQAN;
				GENERATE_INFOPLIST_FILE = YES;
				IPHONEOS_DEPLOYMENT_TARGET = 18.1;
				MARKETING_VERSION = 1.0;
				PRODUCT_BUNDLE_IDENTIFIER = fr.leplard.EventoriasTests;
				PRODUCT_NAME = "$(TARGET_NAME)";
				SWIFT_EMIT_LOC_STRINGS = NO;
				SWIFT_OPTIMIZATION_LEVEL = "-Onone";
				SWIFT_VERSION = 5.0;
				TARGETED_DEVICE_FAMILY = "1,2";
				TEST_HOST = "$(BUILT_PRODUCTS_DIR)/Eventorias.app/$(BUNDLE_EXECUTABLE_FOLDER_PATH)/Eventorias";
			};
			name = Debug;
		};
		2A7BB3FA2D1089B9005CFC39 /* Release */ = {
			isa = XCBuildConfiguration;
			buildSettings = {
				BUNDLE_LOADER = "$(TEST_HOST)";
				CLANG_ENABLE_MODULES = YES;
				CODE_SIGN_STYLE = Automatic;
				CURRENT_PROJECT_VERSION = 1;
				DEVELOPMENT_TEAM = 9L643QCQAN;
				GENERATE_INFOPLIST_FILE = YES;
				IPHONEOS_DEPLOYMENT_TARGET = 18.1;
				MARKETING_VERSION = 1.0;
				PRODUCT_BUNDLE_IDENTIFIER = fr.leplard.EventoriasTests;
				PRODUCT_NAME = "$(TARGET_NAME)";
				SWIFT_EMIT_LOC_STRINGS = NO;
				SWIFT_VERSION = 5.0;
				TARGETED_DEVICE_FAMILY = "1,2";
				TEST_HOST = "$(BUILT_PRODUCTS_DIR)/Eventorias.app/$(BUNDLE_EXECUTABLE_FOLDER_PATH)/Eventorias";
			};
			name = Release;
		};
		2A8A4DDF2D22D982001DCE65 /* Debug */ = {
			isa = XCBuildConfiguration;
			buildSettings = {
				CODE_SIGN_STYLE = Automatic;
				CURRENT_PROJECT_VERSION = 1;
				DEVELOPMENT_TEAM = 9L643QCQAN;
				GENERATE_INFOPLIST_FILE = YES;
				IPHONEOS_DEPLOYMENT_TARGET = 18.1;
				MARKETING_VERSION = 1.0;
				PRODUCT_BUNDLE_IDENTIFIER = fr.leplard.EventoriasUITests;
				PRODUCT_NAME = "$(TARGET_NAME)";
				SWIFT_EMIT_LOC_STRINGS = NO;
				SWIFT_VERSION = 5.0;
				TARGETED_DEVICE_FAMILY = "1,2";
				TEST_TARGET_NAME = Eventorias;
			};
			name = Debug;
		};
		2A8A4DE02D22D982001DCE65 /* Release */ = {
			isa = XCBuildConfiguration;
			buildSettings = {
				CODE_SIGN_STYLE = Automatic;
				CURRENT_PROJECT_VERSION = 1;
				DEVELOPMENT_TEAM = 9L643QCQAN;
				GENERATE_INFOPLIST_FILE = YES;
				IPHONEOS_DEPLOYMENT_TARGET = 18.1;
				MARKETING_VERSION = 1.0;
				PRODUCT_BUNDLE_IDENTIFIER = fr.leplard.EventoriasUITests;
				PRODUCT_NAME = "$(TARGET_NAME)";
				SWIFT_EMIT_LOC_STRINGS = NO;
				SWIFT_VERSION = 5.0;
				TARGETED_DEVICE_FAMILY = "1,2";
				TEST_TARGET_NAME = Eventorias;
			};
			name = Release;
		};
/* End XCBuildConfiguration section */

/* Begin XCConfigurationList section */
		2A1B6FFF2CE10D7000089D4F /* Build configuration list for PBXProject "Eventorias" */ = {
			isa = XCConfigurationList;
			buildConfigurations = (
				2A1B70262CE10D7100089D4F /* Debug */,
				2A1B70272CE10D7100089D4F /* Release */,
			);
			defaultConfigurationIsVisible = 0;
			defaultConfigurationName = Release;
		};
		2A1B70282CE10D7100089D4F /* Build configuration list for PBXNativeTarget "Eventorias" */ = {
			isa = XCConfigurationList;
			buildConfigurations = (
				2A1B70292CE10D7100089D4F /* Debug */,
				2A1B702A2CE10D7100089D4F /* Release */,
			);
			defaultConfigurationIsVisible = 0;
			defaultConfigurationName = Release;
		};
		2A7BB3F82D1089B9005CFC39 /* Build configuration list for PBXNativeTarget "EventoriasTests" */ = {
			isa = XCConfigurationList;
			buildConfigurations = (
				2A7BB3F92D1089B9005CFC39 /* Debug */,
				2A7BB3FA2D1089B9005CFC39 /* Release */,
			);
			defaultConfigurationIsVisible = 0;
			defaultConfigurationName = Release;
		};
		2A8A4DDE2D22D982001DCE65 /* Build configuration list for PBXNativeTarget "EventoriasUITests" */ = {
			isa = XCConfigurationList;
			buildConfigurations = (
				2A8A4DDF2D22D982001DCE65 /* Debug */,
				2A8A4DE02D22D982001DCE65 /* Release */,
			);
			defaultConfigurationIsVisible = 0;
			defaultConfigurationName = Release;
		};
/* End XCConfigurationList section */

/* Begin XCRemoteSwiftPackageReference section */
		2A892E9E2CE4E41800BF0B45 /* XCRemoteSwiftPackageReference "firebase-ios-sdk" */ = {
			isa = XCRemoteSwiftPackageReference;
			repositoryURL = "https://github.com/firebase/firebase-ios-sdk.git";
			requirement = {
				kind = upToNextMajorVersion;
				minimumVersion = 11.5.0;
			};
		};
/* End XCRemoteSwiftPackageReference section */

/* Begin XCSwiftPackageProductDependency section */
		2A37419E2D2816E100209C16 /* FirebaseAuth */ = {
			isa = XCSwiftPackageProductDependency;
			package = 2A892E9E2CE4E41800BF0B45 /* XCRemoteSwiftPackageReference "firebase-ios-sdk" */;
			productName = FirebaseAuth;
		};
		2A3741A02D2816E100209C16 /* FirebaseCore */ = {
			isa = XCSwiftPackageProductDependency;
			package = 2A892E9E2CE4E41800BF0B45 /* XCRemoteSwiftPackageReference "firebase-ios-sdk" */;
			productName = FirebaseCore;
		};
		2A3741A22D2816E100209C16 /* FirebaseFirestore */ = {
			isa = XCSwiftPackageProductDependency;
			package = 2A892E9E2CE4E41800BF0B45 /* XCRemoteSwiftPackageReference "firebase-ios-sdk" */;
			productName = FirebaseFirestore;
		};
		2A3741A42D2816E100209C16 /* FirebaseStorage */ = {
			isa = XCSwiftPackageProductDependency;
			package = 2A892E9E2CE4E41800BF0B45 /* XCRemoteSwiftPackageReference "firebase-ios-sdk" */;
			productName = FirebaseStorage;
		};
		2A7781292D0055F60042B1B5 /* FirebaseFirestore */ = {
			isa = XCSwiftPackageProductDependency;
			package = 2A892E9E2CE4E41800BF0B45 /* XCRemoteSwiftPackageReference "firebase-ios-sdk" */;
			productName = FirebaseFirestore;
		};
		2A892E9F2CE4E41800BF0B45 /* FirebaseAuth */ = {
			isa = XCSwiftPackageProductDependency;
			package = 2A892E9E2CE4E41800BF0B45 /* XCRemoteSwiftPackageReference "firebase-ios-sdk" */;
			productName = FirebaseAuth;
		};
		2A892EA12CE4E41800BF0B45 /* FirebaseCore */ = {
			isa = XCSwiftPackageProductDependency;
			package = 2A892E9E2CE4E41800BF0B45 /* XCRemoteSwiftPackageReference "firebase-ios-sdk" */;
			productName = FirebaseCore;
		};
		2ABB23852D03124F004DB214 /* FirebaseStorage */ = {
			isa = XCSwiftPackageProductDependency;
			package = 2A892E9E2CE4E41800BF0B45 /* XCRemoteSwiftPackageReference "firebase-ios-sdk" */;
			productName = FirebaseStorage;
		};
/* End XCSwiftPackageProductDependency section */
	};
	rootObject = 2A1B6FFC2CE10D7000089D4F /* Project object */;
}
